
Microsoft Visual Studio Solution File, Format Version 12.00
# Visual Studio Version 17
VisualStudioVersion = 17.11.35219.272
MinimumVisualStudioVersion = 10.0.40219.1
Project("{FAE04EC0-301F-11D3-BF4B-00C04F79EFBC}") = "TheQuyen.OnlinePainting.Data", "TheQuyen.OnlinePainting.Data\TheQuyen.OnlinePainting.Data.csproj", "{F7A7CAAA-09EB-4758-9921-122475B4975A}"
EndProject
Project("{FAE04EC0-301F-11D3-BF4B-00C04F79EFBC}") = "TheQuyen.OnlinePainting.MVC", "TheQuyen.OnlinePainting.MVC\TheQuyen.OnlinePainting.MVC.csproj", "{C4F11B2B-E901-4394-8542-E5FC3BBA0B41}"
EndProject
Global
	GlobalSection(SolutionConfigurationPlatforms) = preSolution
		Debug|Any CPU = Debug|Any CPU
		Release|Any CPU = Release|Any CPU
	EndGlobalSection
	GlobalSection(ProjectConfigurationPlatforms) = postSolution
		{F7A7CAAA-09EB-4758-9921-122475B4975A}.Debug|Any CPU.ActiveCfg = Debug|Any CPU
		{F7A7CAAA-09EB-4758-9921-122475B4975A}.Debug|Any CPU.Build.0 = Debug|Any CPU
		{F7A7CAAA-09EB-4758-9921-122475B4975A}.Release|Any CPU.ActiveCfg = Release|Any CPU
		{F7A7CAAA-09EB-4758-9921-122475B4975A}.Release|Any CPU.Build.0 = Release|Any CPU
		{C4F11B2B-E901-4394-8542-E5FC3BBA0B41}.Debug|Any CPU.ActiveCfg = Debug|Any CPU
		{C4F11B2B-E901-4394-8542-E5FC3BBA0B41}.Debug|Any CPU.Build.0 = Debug|Any CPU
		{C4F11B2B-E901-4394-8542-E5FC3BBA0B41}.Release|Any CPU.ActiveCfg = Release|Any CPU
		{C4F11B2B-E901-4394-8542-E5FC3BBA0B41}.Release|Any CPU.Build.0 = Release|Any CPU
	EndGlobalSection
	GlobalSection(SolutionProperties) = preSolution
		HideSolutionNode = FALSE
	EndGlobalSection
	GlobalSection(ExtensibilityGlobals) = postSolution
		SolutionGuid = {EEC15870-EC98-4DD4-AD6C-E72B9BD4A0F5}
	EndGlobalSection
EndGlobal
